// !$*UTF8*$!
{
	archiveVersion = 1;
	classes = {
	};
	objectVersion = 50;
	objects = {

/* Begin PBXBuildFile section */
		2C0A03392464995100400062 /* AppDelegate.swift in Sources */ = {isa = PBXBuildFile; fileRef = 2C0A03382464995100400062 /* AppDelegate.swift */; };
		2C0A033B2464995100400062 /* SceneDelegate.swift in Sources */ = {isa = PBXBuildFile; fileRef = 2C0A033A2464995100400062 /* SceneDelegate.swift */; };
		2C0A033D2464995100400062 /* ContentView.swift in Sources */ = {isa = PBXBuildFile; fileRef = 2C0A033C2464995100400062 /* ContentView.swift */; };
		2C0A033F2464995200400062 /* Assets.xcassets in Resources */ = {isa = PBXBuildFile; fileRef = 2C0A033E2464995200400062 /* Assets.xcassets */; };
		2C0A03422464995200400062 /* Preview Assets.xcassets in Resources */ = {isa = PBXBuildFile; fileRef = 2C0A03412464995200400062 /* Preview Assets.xcassets */; };
		2C0A03452464995200400062 /* LaunchScreen.storyboard in Resources */ = {isa = PBXBuildFile; fileRef = 2C0A03432464995200400062 /* LaunchScreen.storyboard */; };
		2C0A03502464995200400062 /* Do_StuffTests.swift in Sources */ = {isa = PBXBuildFile; fileRef = 2C0A034F2464995200400062 /* Do_StuffTests.swift */; };
		2C0A035B2464995200400062 /* Do_StuffUITests.swift in Sources */ = {isa = PBXBuildFile; fileRef = 2C0A035A2464995200400062 /* Do_StuffUITests.swift */; };
/* End PBXBuildFile section */

/* Begin PBXContainerItemProxy section */
		2C0A034C2464995200400062 /* PBXContainerItemProxy */ = {
			isa = PBXContainerItemProxy;
			containerPortal = 2C0A032D2464995100400062 /* Project object */;
			proxyType = 1;
			remoteGlobalIDString = 2C0A03342464995100400062;
			remoteInfo = "Do Stuff";
		};
		2C0A03572464995200400062 /* PBXContainerItemProxy */ = {
			isa = PBXContainerItemProxy;
			containerPortal = 2C0A032D2464995100400062 /* Project object */;
			proxyType = 1;
			remoteGlobalIDString = 2C0A03342464995100400062;
			remoteInfo = "Do Stuff";
		};
/* End PBXContainerItemProxy section */

/* Begin PBXFileReference section */
		2C0A03352464995100400062 /* Do Stuff.app */ = {isa = PBXFileReference; explicitFileType = wrapper.application; includeInIndex = 0; path = "Do Stuff.app"; sourceTree = BUILT_PRODUCTS_DIR; };
		2C0A03382464995100400062 /* AppDelegate.swift */ = {isa = PBXFileReference; lastKnownFileType = sourcecode.swift; path = AppDelegate.swift; sourceTree = "<group>"; };
		2C0A033A2464995100400062 /* SceneDelegate.swift */ = {isa = PBXFileReference; lastKnownFileType = sourcecode.swift; path = SceneDelegate.swift; sourceTree = "<group>"; };
		2C0A033C2464995100400062 /* ContentView.swift */ = {isa = PBXFileReference; lastKnownFileType = sourcecode.swift; path = ContentView.swift; sourceTree = "<group>"; };
		2C0A033E2464995200400062 /* Assets.xcassets */ = {isa = PBXFileReference; lastKnownFileType = folder.assetcatalog; path = Assets.xcassets; sourceTree = "<group>"; };
		2C0A03412464995200400062 /* Preview Assets.xcassets */ = {isa = PBXFileReference; lastKnownFileType = folder.assetcatalog; path = "Preview Assets.xcassets"; sourceTree = "<group>"; };
		2C0A03442464995200400062 /* Base */ = {isa = PBXFileReference; lastKnownFileType = file.storyboard; name = Base; path = Base.lproj/LaunchScreen.storyboard; sourceTree = "<group>"; };
		2C0A03462464995200400062 /* Info.plist */ = {isa = PBXFileReference; lastKnownFileType = text.plist.xml; path = Info.plist; sourceTree = "<group>"; };
		2C0A034B2464995200400062 /* Do StuffTests.xctest */ = {isa = PBXFileReference; explicitFileType = wrapper.cfbundle; includeInIndex = 0; path = "Do StuffTests.xctest"; sourceTree = BUILT_PRODUCTS_DIR; };
		2C0A034F2464995200400062 /* Do_StuffTests.swift */ = {isa = PBXFileReference; lastKnownFileType = sourcecode.swift; path = Do_StuffTests.swift; sourceTree = "<group>"; };
		2C0A03512464995200400062 /* Info.plist */ = {isa = PBXFileReference; lastKnownFileType = text.plist.xml; path = Info.plist; sourceTree = "<group>"; };
		2C0A03562464995200400062 /* Do StuffUITests.xctest */ = {isa = PBXFileReference; explicitFileType = wrapper.cfbundle; includeInIndex = 0; path = "Do StuffUITests.xctest"; sourceTree = BUILT_PRODUCTS_DIR; };
		2C0A035A2464995200400062 /* Do_StuffUITests.swift */ = {isa = PBXFileReference; lastKnownFileType = sourcecode.swift; path = Do_StuffUITests.swift; sourceTree = "<group>"; };
		2C0A035C2464995200400062 /* Info.plist */ = {isa = PBXFileReference; lastKnownFileType = text.plist.xml; path = Info.plist; sourceTree = "<group>"; };
/* End PBXFileReference section */

/* Begin PBXFrameworksBuildPhase section */
		2C0A03322464995100400062 /* Frameworks */ = {
			isa = PBXFrameworksBuildPhase;
			buildActionMask = 2147483647;
			files = (
			);
			runOnlyForDeploymentPostprocessing = 0;
		};
		2C0A03482464995200400062 /* Frameworks */ = {
			isa = PBXFrameworksBuildPhase;
			buildActionMask = 2147483647;
			files = (
			);
			runOnlyForDeploymentPostprocessing = 0;
		};
		2C0A03532464995200400062 /* Frameworks */ = {
			isa = PBXFrameworksBuildPhase;
			buildActionMask = 2147483647;
			files = (
			);
			runOnlyForDeploymentPostprocessing = 0;
		};
/* End PBXFrameworksBuildPhase section */

/* Begin PBXGroup section */
		2C0A032C2464995100400062 = {
			isa = PBXGroup;
			children = (
				2C0A03372464995100400062 /* Do Stuff */,
				2C0A034E2464995200400062 /* Do StuffTests */,
				2C0A03592464995200400062 /* Do StuffUITests */,
				2C0A03362464995100400062 /* Products */,
			);
			sourceTree = "<group>";
		};
		2C0A03362464995100400062 /* Products */ = {
			isa = PBXGroup;
			children = (
				2C0A03352464995100400062 /* Do Stuff.app */,
				2C0A034B2464995200400062 /* Do StuffTests.xctest */,
				2C0A03562464995200400062 /* Do StuffUITests.xctest */,
			);
			name = Products;
			sourceTree = "<group>";
		};
		2C0A03372464995100400062 /* Do Stuff */ = {
			isa = PBXGroup;
			children = (
				2C0A03382464995100400062 /* AppDelegate.swift */,
				2C0A033A2464995100400062 /* SceneDelegate.swift */,
				2C0A033C2464995100400062 /* ContentView.swift */,
				2C0A033E2464995200400062 /* Assets.xcassets */,
				2C0A03432464995200400062 /* LaunchScreen.storyboard */,
				2C0A03462464995200400062 /* Info.plist */,
				2C0A03402464995200400062 /* Preview Content */,
			);
			path = "Do Stuff";
			sourceTree = "<group>";
		};
		2C0A03402464995200400062 /* Preview Content */ = {
			isa = PBXGroup;
			children = (
				2C0A03412464995200400062 /* Preview Assets.xcassets */,
			);
			path = "Preview Content";
			sourceTree = "<group>";
		};
		2C0A034E2464995200400062 /* Do StuffTests */ = {
			isa = PBXGroup;
			children = (
				2C0A034F2464995200400062 /* Do_StuffTests.swift */,
				2C0A03512464995200400062 /* Info.plist */,
			);
			path = "Do StuffTests";
			sourceTree = "<group>";
		};
		2C0A03592464995200400062 /* Do StuffUITests */ = {
			isa = PBXGroup;
			children = (
				2C0A035A2464995200400062 /* Do_StuffUITests.swift */,
				2C0A035C2464995200400062 /* Info.plist */,
			);
			path = "Do StuffUITests";
			sourceTree = "<group>";
		};
/* End PBXGroup section */

/* Begin PBXNativeTarget section */
		2C0A03342464995100400062 /* Do Stuff */ = {
			isa = PBXNativeTarget;
			buildConfigurationList = 2C0A035F2464995200400062 /* Build configuration list for PBXNativeTarget "Do Stuff" */;
			buildPhases = (
				2C0A03312464995100400062 /* Sources */,
				2C0A03322464995100400062 /* Frameworks */,
				2C0A03332464995100400062 /* Resources */,
			);
			buildRules = (
			);
			dependencies = (
			);
			name = "Do Stuff";
			productName = "Do Stuff";
			productReference = 2C0A03352464995100400062 /* Do Stuff.app */;
			productType = "com.apple.product-type.application";
		};
		2C0A034A2464995200400062 /* Do StuffTests */ = {
			isa = PBXNativeTarget;
			buildConfigurationList = 2C0A03622464995200400062 /* Build configuration list for PBXNativeTarget "Do StuffTests" */;
			buildPhases = (
				2C0A03472464995200400062 /* Sources */,
				2C0A03482464995200400062 /* Frameworks */,
				2C0A03492464995200400062 /* Resources */,
			);
			buildRules = (
			);
			dependencies = (
				2C0A034D2464995200400062 /* PBXTargetDependency */,
			);
			name = "Do StuffTests";
			productName = "Do StuffTests";
			productReference = 2C0A034B2464995200400062 /* Do StuffTests.xctest */;
			productType = "com.apple.product-type.bundle.unit-test";
		};
		2C0A03552464995200400062 /* Do StuffUITests */ = {
			isa = PBXNativeTarget;
			buildConfigurationList = 2C0A03652464995200400062 /* Build configuration list for PBXNativeTarget "Do StuffUITests" */;
			buildPhases = (
				2C0A03522464995200400062 /* Sources */,
				2C0A03532464995200400062 /* Frameworks */,
				2C0A03542464995200400062 /* Resources */,
			);
			buildRules = (
			);
			dependencies = (
				2C0A03582464995200400062 /* PBXTargetDependency */,
			);
			name = "Do StuffUITests";
			productName = "Do StuffUITests";
			productReference = 2C0A03562464995200400062 /* Do StuffUITests.xctest */;
			productType = "com.apple.product-type.bundle.ui-testing";
		};
/* End PBXNativeTarget section */

/* Begin PBXProject section */
		2C0A032D2464995100400062 /* Project object */ = {
			isa = PBXProject;
			attributes = {
				LastSwiftUpdateCheck = 1140;
				LastUpgradeCheck = 1140;
				ORGANIZATIONNAME = "Hunter Nunnery";
				TargetAttributes = {
					2C0A03342464995100400062 = {
						CreatedOnToolsVersion = 11.4.1;
					};
					2C0A034A2464995200400062 = {
						CreatedOnToolsVersion = 11.4.1;
						TestTargetID = 2C0A03342464995100400062;
					};
					2C0A03552464995200400062 = {
						CreatedOnToolsVersion = 11.4.1;
						TestTargetID = 2C0A03342464995100400062;
					};
				};
			};
			buildConfigurationList = 2C0A03302464995100400062 /* Build configuration list for PBXProject "Do Stuff" */;
			compatibilityVersion = "Xcode 9.3";
			developmentRegion = en;
			hasScannedForEncodings = 0;
			knownRegions = (
				en,
				Base,
			);
			mainGroup = 2C0A032C2464995100400062;
			productRefGroup = 2C0A03362464995100400062 /* Products */;
			projectDirPath = "";
			projectRoot = "";
			targets = (
				2C0A03342464995100400062 /* Do Stuff */,
				2C0A034A2464995200400062 /* Do StuffTests */,
				2C0A03552464995200400062 /* Do StuffUITests */,
			);
		};
/* End PBXProject section */

/* Begin PBXResourcesBuildPhase section */
		2C0A03332464995100400062 /* Resources */ = {
			isa = PBXResourcesBuildPhase;
			buildActionMask = 2147483647;
			files = (
				2C0A03452464995200400062 /* LaunchScreen.storyboard in Resources */,
				2C0A03422464995200400062 /* Preview Assets.xcassets in Resources */,
				2C0A033F2464995200400062 /* Assets.xcassets in Resources */,
			);
			runOnlyForDeploymentPostprocessing = 0;
		};
		2C0A03492464995200400062 /* Resources */ = {
			isa = PBXResourcesBuildPhase;
			buildActionMask = 2147483647;
			files = (
			);
			runOnlyForDeploymentPostprocessing = 0;
		};
		2C0A03542464995200400062 /* Resources */ = {
			isa = PBXResourcesBuildPhase;
			buildActionMask = 2147483647;
			files = (
			);
			runOnlyForDeploymentPostprocessing = 0;
		};
/* End PBXResourcesBuildPhase section */

/* Begin PBXSourcesBuildPhase section */
		2C0A03312464995100400062 /* Sources */ = {
			isa = PBXSourcesBuildPhase;
			buildActionMask = 2147483647;
			files = (
				2C0A03392464995100400062 /* AppDelegate.swift in Sources */,
				2C0A033B2464995100400062 /* SceneDelegate.swift in Sources */,
				2C0A033D2464995100400062 /* ContentView.swift in Sources */,
			);
			runOnlyForDeploymentPostprocessing = 0;
		};
		2C0A03472464995200400062 /* Sources */ = {
			isa = PBXSourcesBuildPhase;
			buildActionMask = 2147483647;
			files = (
				2C0A03502464995200400062 /* Do_StuffTests.swift in Sources */,
			);
			runOnlyForDeploymentPostprocessing = 0;
		};
		2C0A03522464995200400062 /* Sources */ = {
			isa = PBXSourcesBuildPhase;
			buildActionMask = 2147483647;
			files = (
				2C0A035B2464995200400062 /* Do_StuffUITests.swift in Sources */,
			);
			runOnlyForDeploymentPostprocessing = 0;
		};
/* End PBXSourcesBuildPhase section */

/* Begin PBXTargetDependency section */
		2C0A034D2464995200400062 /* PBXTargetDependency */ = {
			isa = PBXTargetDependency;
			target = 2C0A03342464995100400062 /* Do Stuff */;
			targetProxy = 2C0A034C2464995200400062 /* PBXContainerItemProxy */;
		};
		2C0A03582464995200400062 /* PBXTargetDependency */ = {
			isa = PBXTargetDependency;
			target = 2C0A03342464995100400062 /* Do Stuff */;
			targetProxy = 2C0A03572464995200400062 /* PBXContainerItemProxy */;
		};
/* End PBXTargetDependency section */

/* Begin PBXVariantGroup section */
		2C0A03432464995200400062 /* LaunchScreen.storyboard */ = {
			isa = PBXVariantGroup;
			children = (
				2C0A03442464995200400062 /* Base */,
			);
			name = LaunchScreen.storyboard;
			sourceTree = "<group>";
		};
/* End PBXVariantGroup section */

/* Begin XCBuildConfiguration section */
		2C0A035D2464995200400062 /* Debug */ = {
			isa = XCBuildConfiguration;
			buildSettings = {
				ALWAYS_SEARCH_USER_PATHS = NO;
				CLANG_ANALYZER_NONNULL = YES;
				CLANG_ANALYZER_NUMBER_OBJECT_CONVERSION = YES_AGGRESSIVE;
				CLANG_CXX_LANGUAGE_STANDARD = "gnu++14";
				CLANG_CXX_LIBRARY = "libc++";
				CLANG_ENABLE_MODULES = YES;
				CLANG_ENABLE_OBJC_ARC = YES;
				CLANG_ENABLE_OBJC_WEAK = YES;
				CLANG_WARN_BLOCK_CAPTURE_AUTORELEASING = YES;
				CLANG_WARN_BOOL_CONVERSION = YES;
				CLANG_WARN_COMMA = YES;
				CLANG_WARN_CONSTANT_CONVERSION = YES;
				CLANG_WARN_DEPRECATED_OBJC_IMPLEMENTATIONS = YES;
				CLANG_WARN_DIRECT_OBJC_ISA_USAGE = YES_ERROR;
				CLANG_WARN_DOCUMENTATION_COMMENTS = YES;
				CLANG_WARN_EMPTY_BODY = YES;
				CLANG_WARN_ENUM_CONVERSION = YES;
				CLANG_WARN_INFINITE_RECURSION = YES;
				CLANG_WARN_INT_CONVERSION = YES;
				CLANG_WARN_NON_LITERAL_NULL_CONVERSION = YES;
				CLANG_WARN_OBJC_IMPLICIT_RETAIN_SELF = YES;
				CLANG_WARN_OBJC_LITERAL_CONVERSION = YES;
				CLANG_WARN_OBJC_ROOT_CLASS = YES_ERROR;
				CLANG_WARN_RANGE_LOOP_ANALYSIS = YES;
				CLANG_WARN_STRICT_PROTOTYPES = YES;
				CLANG_WARN_SUSPICIOUS_MOVE = YES;
				CLANG_WARN_UNGUARDED_AVAILABILITY = YES_AGGRESSIVE;
				CLANG_WARN_UNREACHABLE_CODE = YES;
				CLANG_WARN__DUPLICATE_METHOD_MATCH = YES;
				COPY_PHASE_STRIP = NO;
				DEBUG_INFORMATION_FORMAT = dwarf;
				ENABLE_STRICT_OBJC_MSGSEND = YES;
				ENABLE_TESTABILITY = YES;
				GCC_C_LANGUAGE_STANDARD = gnu11;
				GCC_DYNAMIC_NO_PIC = NO;
				GCC_NO_COMMON_BLOCKS = YES;
				GCC_OPTIMIZATION_LEVEL = 0;
				GCC_PREPROCESSOR_DEFINITIONS = (
					"DEBUG=1",
					"$(inherited)",
				);
				GCC_WARN_64_TO_32_BIT_CONVERSION = YES;
				GCC_WARN_ABOUT_RETURN_TYPE = YES_ERROR;
				GCC_WARN_UNDECLARED_SELECTOR = YES;
				GCC_WARN_UNINITIALIZED_AUTOS = YES_AGGRESSIVE;
				GCC_WARN_UNUSED_FUNCTION = YES;
				GCC_WARN_UNUSED_VARIABLE = YES;
				IPHONEOS_DEPLOYMENT_TARGET = 13.4;
				MTL_ENABLE_DEBUG_INFO = INCLUDE_SOURCE;
				MTL_FAST_MATH = YES;
				ONLY_ACTIVE_ARCH = YES;
				SDKROOT = iphoneos;
				SWIFT_ACTIVE_COMPILATION_CONDITIONS = DEBUG;
				SWIFT_OPTIMIZATION_LEVEL = "-Onone";
			};
			name = Debug;
		};
		2C0A035E2464995200400062 /* Release */ = {
			isa = XCBuildConfiguration;
			buildSettings = {
				ALWAYS_SEARCH_USER_PATHS = NO;
				CLANG_ANALYZER_NONNULL = YES;
				CLANG_ANALYZER_NUMBER_OBJECT_CONVERSION = YES_AGGRESSIVE;
				CLANG_CXX_LANGUAGE_STANDARD = "gnu++14";
				CLANG_CXX_LIBRARY = "libc++";
				CLANG_ENABLE_MODULES = YES;
				CLANG_ENABLE_OBJC_ARC = YES;
				CLANG_ENABLE_OBJC_WEAK = YES;
				CLANG_WARN_BLOCK_CAPTURE_AUTORELEASING = YES;
				CLANG_WARN_BOOL_CONVERSION = YES;
				CLANG_WARN_COMMA = YES;
				CLANG_WARN_CONSTANT_CONVERSION = YES;
				CLANG_WARN_DEPRECATED_OBJC_IMPLEMENTATIONS = YES;
				CLANG_WARN_DIRECT_OBJC_ISA_USAGE = YES_ERROR;
				CLANG_WARN_DOCUMENTATION_COMMENTS = YES;
				CLANG_WARN_EMPTY_BODY = YES;
				CLANG_WARN_ENUM_CONVERSION = YES;
				CLANG_WARN_INFINITE_RECURSION = YES;
				CLANG_WARN_INT_CONVERSION = YES;
				CLANG_WARN_NON_LITERAL_NULL_CONVERSION = YES;
				CLANG_WARN_OBJC_IMPLICIT_RETAIN_SELF = YES;
				CLANG_WARN_OBJC_LITERAL_CONVERSION = YES;
				CLANG_WARN_OBJC_ROOT_CLASS = YES_ERROR;
				CLANG_WARN_RANGE_LOOP_ANALYSIS = YES;
				CLANG_WARN_STRICT_PROTOTYPES = YES;
				CLANG_WARN_SUSPICIOUS_MOVE = YES;
				CLANG_WARN_UNGUARDED_AVAILABILITY = YES_AGGRESSIVE;
				CLANG_WARN_UNREACHABLE_CODE = YES;
				CLANG_WARN__DUPLICATE_METHOD_MATCH = YES;
				COPY_PHASE_STRIP = NO;
				DEBUG_INFORMATION_FORMAT = "dwarf-with-dsym";
				ENABLE_NS_ASSERTIONS = NO;
				ENABLE_STRICT_OBJC_MSGSEND = YES;
				GCC_C_LANGUAGE_STANDARD = gnu11;
				GCC_NO_COMMON_BLOCKS = YES;
				GCC_WARN_64_TO_32_BIT_CONVERSION = YES;
				GCC_WARN_ABOUT_RETURN_TYPE = YES_ERROR;
				GCC_WARN_UNDECLARED_SELECTOR = YES;
				GCC_WARN_UNINITIALIZED_AUTOS = YES_AGGRESSIVE;
				GCC_WARN_UNUSED_FUNCTION = YES;
				GCC_WARN_UNUSED_VARIABLE = YES;
				IPHONEOS_DEPLOYMENT_TARGET = 13.4;
				MTL_ENABLE_DEBUG_INFO = NO;
				MTL_FAST_MATH = YES;
				SDKROOT = iphoneos;
				SWIFT_COMPILATION_MODE = wholemodule;
				SWIFT_OPTIMIZATION_LEVEL = "-O";
				VALIDATE_PRODUCT = YES;
			};
			name = Release;
		};
		2C0A03602464995200400062 /* Debug */ = {
			isa = XCBuildConfiguration;
			buildSettings = {
				ASSETCATALOG_COMPILER_APPICON_NAME = AppIcon;
				CODE_SIGN_STYLE = Automatic;
				DEVELOPMENT_ASSET_PATHS = "\"Do Stuff/Preview Content\"";
				DEVELOPMENT_TEAM = 5QB3JABPB4;
				ENABLE_PREVIEWS = YES;
				INFOPLIST_FILE = "Do Stuff/Info.plist";
				LD_RUNPATH_SEARCH_PATHS = (
					"$(inherited)",
					"@executable_path/Frameworks",
				);
				PRODUCT_BUNDLE_IDENTIFIER = "io.codehunter.Do-Stuff";
				PRODUCT_NAME = "$(TARGET_NAME)";
				SWIFT_VERSION = 5.0;
				TARGETED_DEVICE_FAMILY = "1,2";
			};
			name = Debug;
		};
		2C0A03612464995200400062 /* Release */ = {
			isa = XCBuildConfiguration;
			buildSettings = {
				ASSETCATALOG_COMPILER_APPICON_NAME = AppIcon;
				CODE_SIGN_STYLE = Automatic;
				DEVELOPMENT_ASSET_PATHS = "\"Do Stuff/Preview Content\"";
				DEVELOPMENT_TEAM = 5QB3JABPB4;
				ENABLE_PREVIEWS = YES;
				INFOPLIST_FILE = "Do Stuff/Info.plist";
				LD_RUNPATH_SEARCH_PATHS = (
					"$(inherited)",
					"@executable_path/Frameworks",
				);
				PRODUCT_BUNDLE_IDENTIFIER = "io.codehunter.Do-Stuff";
				PRODUCT_NAME = "$(TARGET_NAME)";
				SWIFT_VERSION = 5.0;
				TARGETED_DEVICE_FAMILY = "1,2";
			};
			name = Release;
		};
		2C0A03632464995200400062 /* Debug */ = {
			isa = XCBuildConfiguration;
			buildSettings = {
				ALWAYS_EMBED_SWIFT_STANDARD_LIBRARIES = YES;
				BUNDLE_LOADER = "$(TEST_HOST)";
				CODE_SIGN_STYLE = Automatic;
				DEVELOPMENT_TEAM = 5QB3JABPB4;
				INFOPLIST_FILE = "Do StuffTests/Info.plist";
				IPHONEOS_DEPLOYMENT_TARGET = 13.4;
				LD_RUNPATH_SEARCH_PATHS = (
					"$(inherited)",
					"@executable_path/Frameworks",
					"@loader_path/Frameworks",
				);
				PRODUCT_BUNDLE_IDENTIFIER = "io.codehunter.Do-StuffTests";
				PRODUCT_NAME = "$(TARGET_NAME)";
				SWIFT_VERSION = 5.0;
				TARGETED_DEVICE_FAMILY = "1,2";
				TEST_HOST = "$(BUILT_PRODUCTS_DIR)/Do Stuff.app/Do Stuff";
			};
			name = Debug;
		};
		2C0A03642464995200400062 /* Release */ = {
			isa = XCBuildConfiguration;
			buildSettings = {
				ALWAYS_EMBED_SWIFT_STANDARD_LIBRARIES = YES;
				BUNDLE_LOADER = "$(TEST_HOST)";
				CODE_SIGN_STYLE = Automatic;
				DEVELOPMENT_TEAM = 5QB3JABPB4;
				INFOPLIST_FILE = "Do StuffTests/Info.plist";
				IPHONEOS_DEPLOYMENT_TARGET = 13.4;
				LD_RUNPATH_SEARCH_PATHS = (
					"$(inherited)",
					"@executable_path/Frameworks",
					"@loader_path/Frameworks",
				);
				PRODUCT_BUNDLE_IDENTIFIER = "io.codehunter.Do-StuffTests";
				PRODUCT_NAME = "$(TARGET_NAME)";
				SWIFT_VERSION = 5.0;
				TARGETED_DEVICE_FAMILY = "1,2";
				TEST_HOST = "$(BUILT_PRODUCTS_DIR)/Do Stuff.app/Do Stuff";
			};
			name = Release;
		};
		2C0A03662464995200400062 /* Debug */ = {
			isa = XCBuildConfiguration;
			buildSettings = {
				ALWAYS_EMBED_SWIFT_STANDARD_LIBRARIES = YES;
				CODE_SIGN_STYLE = Automatic;
				DEVELOPMENT_TEAM = 5QB3JABPB4;
				INFOPLIST_FILE = "Do StuffUITests/Info.plist";
				LD_RUNPATH_SEARCH_PATHS = (
					"$(inherited)",
					"@executable_path/Frameworks",
					"@loader_path/Frameworks",
				);
				PRODUCT_BUNDLE_IDENTIFIER = "io.codehunter.Do-StuffUITests";
				PRODUCT_NAME = "$(TARGET_NAME)";
				SWIFT_VERSION = 5.0;
				TARGETED_DEVICE_FAMILY = "1,2";
				TEST_TARGET_NAME = "Do Stuff";
			};
			name = Debug;
		};
		2C0A03672464995200400062 /* Release */ = {
			isa = XCBuildConfiguration;
			buildSettings = {
				ALWAYS_EMBED_SWIFT_STANDARD_LIBRARIES = YES;
				CODE_SIGN_STYLE = Automatic;
				DEVELOPMENT_TEAM = 5QB3JABPB4;
				INFOPLIST_FILE = "Do StuffUITests/Info.plist";
				LD_RUNPATH_SEARCH_PATHS = (
					"$(inherited)",
					"@executable_path/Frameworks",
					"@loader_path/Frameworks",
				);
				PRODUCT_BUNDLE_IDENTIFIER = "io.codehunter.Do-StuffUITests";
				PRODUCT_NAME = "$(TARGET_NAME)";
				SWIFT_VERSION = 5.0;
				TARGETED_DEVICE_FAMILY = "1,2";
				TEST_TARGET_NAME = "Do Stuff";
			};
			name = Release;
		};
/* End XCBuildConfiguration section */

/* Begin XCConfigurationList section */
		2C0A03302464995100400062 /* Build configuration list for PBXProject "Do Stuff" */ = {
			isa = XCConfigurationList;
			buildConfigurations = (
				2C0A035D2464995200400062 /* Debug */,
				2C0A035E2464995200400062 /* Release */,
			);
			defaultConfigurationIsVisible = 0;
			defaultConfigurationName = Release;
		};
		2C0A035F2464995200400062 /* Build configuration list for PBXNativeTarget "Do Stuff" */ = {
			isa = XCConfigurationList;
			buildConfigurations = (
				2C0A03602464995200400062 /* Debug */,
				2C0A03612464995200400062 /* Release */,
			);
			defaultConfigurationIsVisible = 0;
			defaultConfigurationName = Release;
		};
		2C0A03622464995200400062 /* Build configuration list for PBXNativeTarget "Do StuffTests" */ = {
			isa = XCConfigurationList;
			buildConfigurations = (
				2C0A03632464995200400062 /* Debug */,
				2C0A03642464995200400062 /* Release */,
			);
			defaultConfigurationIsVisible = 0;
			defaultConfigurationName = Release;
		};
		2C0A03652464995200400062 /* Build configuration list for PBXNativeTarget "Do StuffUITests" */ = {
			isa = XCConfigurationList;
			buildConfigurations = (
				2C0A03662464995200400062 /* Debug */,
				2C0A03672464995200400062 /* Release */,
			);
			defaultConfigurationIsVisible = 0;
			defaultConfigurationName = Release;
		};
/* End XCConfigurationList section */
	};
	rootObject = 2C0A032D2464995100400062 /* Project object */;
}
